
Microsoft Visual Studio Solution File, Format Version 12.00
# Visual Studio Version 16
VisualStudioVersion = 16.0.34601.136
MinimumVisualStudioVersion = 10.0.40219.1
Project("{FAE04EC0-301F-11D3-BF4B-00C04F79EFBC}") = "GitTest", "GitTest\GitTest.csproj", "{8BECD3BE-6953-4F08-9724-4C7241FBFCFD}"
EndProject
Global
	GlobalSection(SolutionConfigurationPlatforms) = preSolution
		Debug|Any CPU = Debug|Any CPU
		Release|Any CPU = Release|Any CPU
	EndGlobalSection
	GlobalSection(ProjectConfigurationPlatforms) = postSolution
		{8BECD3BE-6953-4F08-9724-4C7241FBFCFD}.Debug|Any CPU.ActiveCfg = Debug|Any CPU
		{8BECD3BE-6953-4F08-9724-4C7241FBFCFD}.Debug|Any CPU.Build.0 = Debug|Any CPU
		{8BECD3BE-6953-4F08-9724-4C7241FBFCFD}.Release|Any CPU.ActiveCfg = Release|Any CPU
		{8BECD3BE-6953-4F08-9724-4C7241FBFCFD}.Release|Any CPU.Build.0 = Release|Any CPU
	EndGlobalSection
	GlobalSection(SolutionProperties) = preSolution
		HideSolutionNode = FALSE
	EndGlobalSection
	GlobalSection(ExtensibilityGlobals) = postSolution
		SolutionGuid = {CDC6E3C6-680E-48D9-985E-ADEF7D45E335}
	EndGlobalSection
EndGlobal
